// !$*UTF8*$!
{
	archiveVersion = 1;
	classes = {
	};
	objectVersion = 51;
	objects = {

/* Begin PBXBuildFile section */
		970C54AC27043CCE0005EAF3 /* NoDigitsFieldView.storyboard in Resources */ = {isa = PBXBuildFile; fileRef = 970C54AA27043CCE0005EAF3 /* NoDigitsFieldView.storyboard */; };
		970C54B127043D2E0005EAF3 /* OnlyCharactersFieldView.storyboard in Resources */ = {isa = PBXBuildFile; fileRef = 970C54AF27043D2E0005EAF3 /* OnlyCharactersFieldView.storyboard */; };
		970C54B627043D840005EAF3 /* ValidationRulesFieldView.storyboard in Resources */ = {isa = PBXBuildFile; fileRef = 970C54B427043D840005EAF3 /* ValidationRulesFieldView.storyboard */; };
		970C54BA2704402D0005EAF3 /* LinkFieldView.storyboard in Resources */ = {isa = PBXBuildFile; fileRef = 970C54B82704402D0005EAF3 /* LinkFieldView.storyboard */; };
		970C54BD2704403D0005EAF3 /* InputLimitFieldView.storyboard in Resources */ = {isa = PBXBuildFile; fileRef = 970C54BB2704403D0005EAF3 /* InputLimitFieldView.storyboard */; };
		974AC75726FAFCE60032B1CF /* TextFieldsSettings.swift in Sources */ = {isa = PBXBuildFile; fileRef = 974AC75626FAFCE60032B1CF /* TextFieldsSettings.swift */; };
		97502B9B2702171D005A96D9 /* Pods_textFields_.framework in Frameworks */ = {isa = PBXBuildFile; fileRef = CA5814025C4E3B5EED1CC0D8 /* Pods_textFields_.framework */; };
		97502B9C2702171D005A96D9 /* Pods_textFields_.framework in Embed Frameworks */ = {isa = PBXBuildFile; fileRef = CA5814025C4E3B5EED1CC0D8 /* Pods_textFields_.framework */; settings = {ATTRIBUTES = (CodeSignOnCopy, RemoveHeadersOnCopy, ); }; };
		97550E072709ADAF009DAD06 /* TextFieldsViewController + AccessibilityIdentifiers.swift in Sources */ = {isa = PBXBuildFile; fileRef = 97550E062709ADAF009DAD06 /* TextFieldsViewController + AccessibilityIdentifiers.swift */; };
		97550E0A2709ADEB009DAD06 /* NoDigitsViewController + AccessibilityIdentifiers.swift in Sources */ = {isa = PBXBuildFile; fileRef = 97550E092709ADEB009DAD06 /* NoDigitsViewController + AccessibilityIdentifiers.swift */; };
		97550E0C2709AE02009DAD06 /* InputLimitViewController + AccessibilityIdentifiers.swift in Sources */ = {isa = PBXBuildFile; fileRef = 97550E0B2709AE02009DAD06 /* InputLimitViewController + AccessibilityIdentifiers.swift */; };
		97550E0E2709AE19009DAD06 /* OnlyCharactersViewController + AccessibilityIdentifiers.swift in Sources */ = {isa = PBXBuildFile; fileRef = 97550E0D2709AE19009DAD06 /* OnlyCharactersViewController + AccessibilityIdentifiers.swift */; };
		97550E102709AE2E009DAD06 /* LinkViewController + AccessibilityIdentifiers.swift in Sources */ = {isa = PBXBuildFile; fileRef = 97550E0F2709AE2E009DAD06 /* LinkViewController + AccessibilityIdentifiers.swift */; };
		97550E122709AE41009DAD06 /* ValidationRulesViewController + AccessibilityIdentifiers.swift in Sources */ = {isa = PBXBuildFile; fileRef = 97550E112709AE41009DAD06 /* ValidationRulesViewController + AccessibilityIdentifiers.swift */; };
		97550E1A2709B1DB009DAD06 /* TextFieldsViewUITests.swift in Sources */ = {isa = PBXBuildFile; fileRef = 97550E192709B1DB009DAD06 /* TextFieldsViewUITests.swift */; };
		97550E232709B222009DAD06 /* UITestsAccessibilityIdentifiers.swift in Sources */ = {isa = PBXBuildFile; fileRef = 97550E222709B222009DAD06 /* UITestsAccessibilityIdentifiers.swift */; };
		97550E252709B343009DAD06 /* NoDigitsFieldViewUITexts.swift in Sources */ = {isa = PBXBuildFile; fileRef = 97550E242709B343009DAD06 /* NoDigitsFieldViewUITexts.swift */; };
		97550E272709B36E009DAD06 /* InputLimitFieldViewUITests.swift in Sources */ = {isa = PBXBuildFile; fileRef = 97550E262709B36E009DAD06 /* InputLimitFieldViewUITests.swift */; };
		97550E292709B394009DAD06 /* OnlyCharactersViewUITests.swift in Sources */ = {isa = PBXBuildFile; fileRef = 97550E282709B394009DAD06 /* OnlyCharactersViewUITests.swift */; };
		97550E2B2709B3BE009DAD06 /* LinkViewUITests.swift in Sources */ = {isa = PBXBuildFile; fileRef = 97550E2A2709B3BE009DAD06 /* LinkViewUITests.swift */; };
		97550E2D2709B3E4009DAD06 /* ValidationRulesViewUITests.swift in Sources */ = {isa = PBXBuildFile; fileRef = 97550E2C2709B3E4009DAD06 /* ValidationRulesViewUITests.swift */; };
		97550E352709B8BE009DAD06 /* TextFieldsTests.swift in Sources */ = {isa = PBXBuildFile; fileRef = 97550E342709B8BE009DAD06 /* TextFieldsTests.swift */; };
		9770ECC727034E800033120D /* CardButton.swift in Sources */ = {isa = PBXBuildFile; fileRef = 9770ECC627034E800033120D /* CardButton.swift */; };
		9783DEB62703251800C403E6 /* NoDigitsViewController.swift in Sources */ = {isa = PBXBuildFile; fileRef = 9783DEB52703251800C403E6 /* NoDigitsViewController.swift */; };
		9783DEB82703253600C403E6 /* InputLimitViewController.swift in Sources */ = {isa = PBXBuildFile; fileRef = 9783DEB72703253600C403E6 /* InputLimitViewController.swift */; };
		9783DEBA2703254E00C403E6 /* OnlyCharactersViewController.swift in Sources */ = {isa = PBXBuildFile; fileRef = 9783DEB92703254E00C403E6 /* OnlyCharactersViewController.swift */; };
		9783DEBC2703256500C403E6 /* LinkViewController.swift in Sources */ = {isa = PBXBuildFile; fileRef = 9783DEBB2703256500C403E6 /* LinkViewController.swift */; };
		9783DEBE2703257700C403E6 /* ValidationRulesViewController.swift in Sources */ = {isa = PBXBuildFile; fileRef = 9783DEBD2703257700C403E6 /* ValidationRulesViewController.swift */; };
		97ADBE4A27045697008FDF85 /* TextFieldView + UITextFieldDelegate.swift in Sources */ = {isa = PBXBuildFile; fileRef = 97ADBE4927045697008FDF85 /* TextFieldView + UITextFieldDelegate.swift */; };
		97C4867726F68E0800FEC229 /* AppDelegate.swift in Sources */ = {isa = PBXBuildFile; fileRef = 97C4867626F68E0800FEC229 /* AppDelegate.swift */; };
		97C4867926F68E0800FEC229 /* SceneDelegate.swift in Sources */ = {isa = PBXBuildFile; fileRef = 97C4867826F68E0800FEC229 /* SceneDelegate.swift */; };
		97C4867B26F68E0800FEC229 /* TextFieldsViewController.swift in Sources */ = {isa = PBXBuildFile; fileRef = 97C4867A26F68E0800FEC229 /* TextFieldsViewController.swift */; };
		97C4867E26F68E0800FEC229 /* Main.storyboard in Resources */ = {isa = PBXBuildFile; fileRef = 97C4867C26F68E0800FEC229 /* Main.storyboard */; };
		97C4868026F68E0900FEC229 /* Assets.xcassets in Resources */ = {isa = PBXBuildFile; fileRef = 97C4867F26F68E0900FEC229 /* Assets.xcassets */; };
		97C4868326F68E0900FEC229 /* LaunchScreen.storyboard in Resources */ = {isa = PBXBuildFile; fileRef = 97C4868126F68E0900FEC229 /* LaunchScreen.storyboard */; };
		97D377E026FB2B1B00CEF4EA /* CustomTextField.swift in Sources */ = {isa = PBXBuildFile; fileRef = 97D377DF26FB2B1B00CEF4EA /* CustomTextField.swift */; };
		97D377E626FB32F300CEF4EA /* TextFieldsModel.swift in Sources */ = {isa = PBXBuildFile; fileRef = 97D377E526FB32F200CEF4EA /* TextFieldsModel.swift */; };
		97FECA0E26F8E399007AE7BC /* SF-Pro-Display-Bold.otf in Resources */ = {isa = PBXBuildFile; fileRef = 97FECA0D26F8E399007AE7BC /* SF-Pro-Display-Bold.otf */; };
		97FECA1026F8E3A6007AE7BC /* SF-Pro-Display-Regular.otf in Resources */ = {isa = PBXBuildFile; fileRef = 97FECA0F26F8E3A6007AE7BC /* SF-Pro-Display-Regular.otf */; };
		97FECA1326F8E5F3007AE7BC /* TextFieldView.swift in Sources */ = {isa = PBXBuildFile; fileRef = 97FECA1226F8E5F3007AE7BC /* TextFieldView.swift */; };
		97FECA1526F8E616007AE7BC /* TextFieldView.xib in Resources */ = {isa = PBXBuildFile; fileRef = 97FECA1426F8E616007AE7BC /* TextFieldView.xib */; };
/* End PBXBuildFile section */

/* Begin PBXContainerItemProxy section */
		97550E1D2709B1DB009DAD06 /* PBXContainerItemProxy */ = {
			isa = PBXContainerItemProxy;
			containerPortal = 97C4866B26F68E0800FEC229 /* Project object */;
			proxyType = 1;
			remoteGlobalIDString = 97C4867226F68E0800FEC229;
			remoteInfo = "textFields!";
		};
		97550E362709B8BE009DAD06 /* PBXContainerItemProxy */ = {
			isa = PBXContainerItemProxy;
			containerPortal = 97C4866B26F68E0800FEC229 /* Project object */;
			proxyType = 1;
			remoteGlobalIDString = 97C4867226F68E0800FEC229;
			remoteInfo = "textFields!";
		};
/* End PBXContainerItemProxy section */

/* Begin PBXCopyFilesBuildPhase section */
		97502B9D2702171D005A96D9 /* Embed Frameworks */ = {
			isa = PBXCopyFilesBuildPhase;
			buildActionMask = 2147483647;
			dstPath = "";
			dstSubfolderSpec = 10;
			files = (
				97502B9C2702171D005A96D9 /* Pods_textFields_.framework in Embed Frameworks */,
			);
			name = "Embed Frameworks";
			runOnlyForDeploymentPostprocessing = 0;
		};
/* End PBXCopyFilesBuildPhase section */

/* Begin PBXFileReference section */
		6273D3E1CF363F6726CEB290 /* Pods-textFields!.release.xcconfig */ = {isa = PBXFileReference; includeInIndex = 1; lastKnownFileType = text.xcconfig; name = "Pods-textFields!.release.xcconfig"; path = "Target Support Files/Pods-textFields!/Pods-textFields!.release.xcconfig"; sourceTree = "<group>"; };
		7F0D15DFFD4F0AA4A7736A46 /* Pods-textFields!.debug.xcconfig */ = {isa = PBXFileReference; includeInIndex = 1; lastKnownFileType = text.xcconfig; name = "Pods-textFields!.debug.xcconfig"; path = "Target Support Files/Pods-textFields!/Pods-textFields!.debug.xcconfig"; sourceTree = "<group>"; };
		970C54AB27043CCE0005EAF3 /* Base */ = {isa = PBXFileReference; lastKnownFileType = file.storyboard; name = Base; path = Base.lproj/NoDigitsFieldView.storyboard; sourceTree = "<group>"; };
		970C54B027043D2E0005EAF3 /* Base */ = {isa = PBXFileReference; lastKnownFileType = file.storyboard; name = Base; path = Base.lproj/OnlyCharactersFieldView.storyboard; sourceTree = "<group>"; };
		970C54B527043D840005EAF3 /* Base */ = {isa = PBXFileReference; lastKnownFileType = file.storyboard; name = Base; path = Base.lproj/ValidationRulesFieldView.storyboard; sourceTree = "<group>"; };
		970C54B92704402D0005EAF3 /* Base */ = {isa = PBXFileReference; lastKnownFileType = file.storyboard; name = Base; path = Base.lproj/LinkFieldView.storyboard; sourceTree = "<group>"; };
		970C54BC2704403D0005EAF3 /* Base */ = {isa = PBXFileReference; lastKnownFileType = file.storyboard; name = Base; path = Base.lproj/InputLimitFieldView.storyboard; sourceTree = "<group>"; };
		974AC75626FAFCE60032B1CF /* TextFieldsSettings.swift */ = {isa = PBXFileReference; lastKnownFileType = sourcecode.swift; path = TextFieldsSettings.swift; sourceTree = "<group>"; };
		97550E062709ADAF009DAD06 /* TextFieldsViewController + AccessibilityIdentifiers.swift */ = {isa = PBXFileReference; lastKnownFileType = sourcecode.swift; path = "TextFieldsViewController + AccessibilityIdentifiers.swift"; sourceTree = "<group>"; };
		97550E092709ADEB009DAD06 /* NoDigitsViewController + AccessibilityIdentifiers.swift */ = {isa = PBXFileReference; lastKnownFileType = sourcecode.swift; path = "NoDigitsViewController + AccessibilityIdentifiers.swift"; sourceTree = "<group>"; };
		97550E0B2709AE02009DAD06 /* InputLimitViewController + AccessibilityIdentifiers.swift */ = {isa = PBXFileReference; lastKnownFileType = sourcecode.swift; path = "InputLimitViewController + AccessibilityIdentifiers.swift"; sourceTree = "<group>"; };
		97550E0D2709AE19009DAD06 /* OnlyCharactersViewController + AccessibilityIdentifiers.swift */ = {isa = PBXFileReference; lastKnownFileType = sourcecode.swift; path = "OnlyCharactersViewController + AccessibilityIdentifiers.swift"; sourceTree = "<group>"; };
		97550E0F2709AE2E009DAD06 /* LinkViewController + AccessibilityIdentifiers.swift */ = {isa = PBXFileReference; lastKnownFileType = sourcecode.swift; path = "LinkViewController + AccessibilityIdentifiers.swift"; sourceTree = "<group>"; };
		97550E112709AE41009DAD06 /* ValidationRulesViewController + AccessibilityIdentifiers.swift */ = {isa = PBXFileReference; lastKnownFileType = sourcecode.swift; path = "ValidationRulesViewController + AccessibilityIdentifiers.swift"; sourceTree = "<group>"; };
		97550E172709B1DB009DAD06 /* TextFieldsUITests.xctest */ = {isa = PBXFileReference; explicitFileType = wrapper.cfbundle; includeInIndex = 0; path = TextFieldsUITests.xctest; sourceTree = BUILT_PRODUCTS_DIR; };
		97550E192709B1DB009DAD06 /* TextFieldsViewUITests.swift */ = {isa = PBXFileReference; lastKnownFileType = sourcecode.swift; path = TextFieldsViewUITests.swift; sourceTree = "<group>"; };
		97550E222709B222009DAD06 /* UITestsAccessibilityIdentifiers.swift */ = {isa = PBXFileReference; lastKnownFileType = sourcecode.swift; path = UITestsAccessibilityIdentifiers.swift; sourceTree = "<group>"; };
		97550E242709B343009DAD06 /* NoDigitsFieldViewUITexts.swift */ = {isa = PBXFileReference; lastKnownFileType = sourcecode.swift; path = NoDigitsFieldViewUITexts.swift; sourceTree = "<group>"; };
		97550E262709B36E009DAD06 /* InputLimitFieldViewUITests.swift */ = {isa = PBXFileReference; lastKnownFileType = sourcecode.swift; path = InputLimitFieldViewUITests.swift; sourceTree = "<group>"; };
		97550E282709B394009DAD06 /* OnlyCharactersViewUITests.swift */ = {isa = PBXFileReference; lastKnownFileType = sourcecode.swift; path = OnlyCharactersViewUITests.swift; sourceTree = "<group>"; };
		97550E2A2709B3BE009DAD06 /* LinkViewUITests.swift */ = {isa = PBXFileReference; lastKnownFileType = sourcecode.swift; path = LinkViewUITests.swift; sourceTree = "<group>"; };
		97550E2C2709B3E4009DAD06 /* ValidationRulesViewUITests.swift */ = {isa = PBXFileReference; lastKnownFileType = sourcecode.swift; path = ValidationRulesViewUITests.swift; sourceTree = "<group>"; };
		97550E322709B8BE009DAD06 /* TextFieldsTests.xctest */ = {isa = PBXFileReference; explicitFileType = wrapper.cfbundle; includeInIndex = 0; path = TextFieldsTests.xctest; sourceTree = BUILT_PRODUCTS_DIR; };
		97550E342709B8BE009DAD06 /* TextFieldsTests.swift */ = {isa = PBXFileReference; lastKnownFileType = sourcecode.swift; path = TextFieldsTests.swift; sourceTree = "<group>"; };
		9770ECC627034E800033120D /* CardButton.swift */ = {isa = PBXFileReference; lastKnownFileType = sourcecode.swift; path = CardButton.swift; sourceTree = "<group>"; };
		9783DEB52703251800C403E6 /* NoDigitsViewController.swift */ = {isa = PBXFileReference; lastKnownFileType = sourcecode.swift; path = NoDigitsViewController.swift; sourceTree = "<group>"; };
		9783DEB72703253600C403E6 /* InputLimitViewController.swift */ = {isa = PBXFileReference; lastKnownFileType = sourcecode.swift; path = InputLimitViewController.swift; sourceTree = "<group>"; };
		9783DEB92703254E00C403E6 /* OnlyCharactersViewController.swift */ = {isa = PBXFileReference; lastKnownFileType = sourcecode.swift; path = OnlyCharactersViewController.swift; sourceTree = "<group>"; };
		9783DEBB2703256500C403E6 /* LinkViewController.swift */ = {isa = PBXFileReference; lastKnownFileType = sourcecode.swift; path = LinkViewController.swift; sourceTree = "<group>"; };
		9783DEBD2703257700C403E6 /* ValidationRulesViewController.swift */ = {isa = PBXFileReference; lastKnownFileType = sourcecode.swift; path = ValidationRulesViewController.swift; sourceTree = "<group>"; };
		97ADBE4927045697008FDF85 /* TextFieldView + UITextFieldDelegate.swift */ = {isa = PBXFileReference; lastKnownFileType = sourcecode.swift; path = "TextFieldView + UITextFieldDelegate.swift"; sourceTree = "<group>"; };
		97C4867326F68E0800FEC229 /* textFields!.app */ = {isa = PBXFileReference; explicitFileType = wrapper.application; includeInIndex = 0; path = "textFields!.app"; sourceTree = BUILT_PRODUCTS_DIR; };
		97C4867626F68E0800FEC229 /* AppDelegate.swift */ = {isa = PBXFileReference; lastKnownFileType = sourcecode.swift; path = AppDelegate.swift; sourceTree = "<group>"; };
		97C4867826F68E0800FEC229 /* SceneDelegate.swift */ = {isa = PBXFileReference; lastKnownFileType = sourcecode.swift; path = SceneDelegate.swift; sourceTree = "<group>"; };
		97C4867A26F68E0800FEC229 /* TextFieldsViewController.swift */ = {isa = PBXFileReference; lastKnownFileType = sourcecode.swift; path = TextFieldsViewController.swift; sourceTree = "<group>"; };
		97C4867D26F68E0800FEC229 /* Base */ = {isa = PBXFileReference; lastKnownFileType = file.storyboard; name = Base; path = Base.lproj/Main.storyboard; sourceTree = "<group>"; };
		97C4867F26F68E0900FEC229 /* Assets.xcassets */ = {isa = PBXFileReference; lastKnownFileType = folder.assetcatalog; path = Assets.xcassets; sourceTree = "<group>"; };
		97C4868226F68E0900FEC229 /* Base */ = {isa = PBXFileReference; lastKnownFileType = file.storyboard; name = Base; path = Base.lproj/LaunchScreen.storyboard; sourceTree = "<group>"; };
		97C4868426F68E0900FEC229 /* Info.plist */ = {isa = PBXFileReference; lastKnownFileType = text.plist.xml; path = Info.plist; sourceTree = "<group>"; };
		97D377DF26FB2B1B00CEF4EA /* CustomTextField.swift */ = {isa = PBXFileReference; lastKnownFileType = sourcecode.swift; path = CustomTextField.swift; sourceTree = "<group>"; };
		97D377E526FB32F200CEF4EA /* TextFieldsModel.swift */ = {isa = PBXFileReference; lastKnownFileType = sourcecode.swift; path = TextFieldsModel.swift; sourceTree = "<group>"; };
		97FECA0D26F8E399007AE7BC /* SF-Pro-Display-Bold.otf */ = {isa = PBXFileReference; lastKnownFileType = file; path = "SF-Pro-Display-Bold.otf"; sourceTree = "<group>"; };
		97FECA0F26F8E3A6007AE7BC /* SF-Pro-Display-Regular.otf */ = {isa = PBXFileReference; lastKnownFileType = file; path = "SF-Pro-Display-Regular.otf"; sourceTree = "<group>"; };
		97FECA1226F8E5F3007AE7BC /* TextFieldView.swift */ = {isa = PBXFileReference; lastKnownFileType = sourcecode.swift; path = TextFieldView.swift; sourceTree = "<group>"; };
		97FECA1426F8E616007AE7BC /* TextFieldView.xib */ = {isa = PBXFileReference; lastKnownFileType = file.xib; path = TextFieldView.xib; sourceTree = "<group>"; };
		CA5814025C4E3B5EED1CC0D8 /* Pods_textFields_.framework */ = {isa = PBXFileReference; explicitFileType = wrapper.framework; includeInIndex = 0; path = Pods_textFields_.framework; sourceTree = BUILT_PRODUCTS_DIR; };
/* End PBXFileReference section */

/* Begin PBXFrameworksBuildPhase section */
		97550E142709B1DB009DAD06 /* Frameworks */ = {
			isa = PBXFrameworksBuildPhase;
			buildActionMask = 2147483647;
			files = (
			);
			runOnlyForDeploymentPostprocessing = 0;
		};
		97550E2F2709B8BE009DAD06 /* Frameworks */ = {
			isa = PBXFrameworksBuildPhase;
			buildActionMask = 2147483647;
			files = (
			);
			runOnlyForDeploymentPostprocessing = 0;
		};
		97C4867026F68E0800FEC229 /* Frameworks */ = {
			isa = PBXFrameworksBuildPhase;
			buildActionMask = 2147483647;
			files = (
				97502B9B2702171D005A96D9 /* Pods_textFields_.framework in Frameworks */,
			);
			runOnlyForDeploymentPostprocessing = 0;
		};
/* End PBXFrameworksBuildPhase section */

/* Begin PBXGroup section */
		66E9F3F992BFE9683B9BC7E0 /* Frameworks */ = {
			isa = PBXGroup;
			children = (
				CA5814025C4E3B5EED1CC0D8 /* Pods_textFields_.framework */,
			);
			name = Frameworks;
			sourceTree = "<group>";
		};
		970C54B727043F090005EAF3 /* Storyboards */ = {
			isa = PBXGroup;
			children = (
				97C4867C26F68E0800FEC229 /* Main.storyboard */,
				970C54AA27043CCE0005EAF3 /* NoDigitsFieldView.storyboard */,
				970C54BB2704403D0005EAF3 /* InputLimitFieldView.storyboard */,
				970C54AF27043D2E0005EAF3 /* OnlyCharactersFieldView.storyboard */,
				970C54B82704402D0005EAF3 /* LinkFieldView.storyboard */,
				970C54B427043D840005EAF3 /* ValidationRulesFieldView.storyboard */,
			);
			path = Storyboards;
			sourceTree = "<group>";
		};
		97550E082709ADC1009DAD06 /* AccessibilityIdentifiers */ = {
			isa = PBXGroup;
			children = (
				97550E062709ADAF009DAD06 /* TextFieldsViewController + AccessibilityIdentifiers.swift */,
				97550E092709ADEB009DAD06 /* NoDigitsViewController + AccessibilityIdentifiers.swift */,
				97550E0B2709AE02009DAD06 /* InputLimitViewController + AccessibilityIdentifiers.swift */,
				97550E0D2709AE19009DAD06 /* OnlyCharactersViewController + AccessibilityIdentifiers.swift */,
				97550E0F2709AE2E009DAD06 /* LinkViewController + AccessibilityIdentifiers.swift */,
				97550E112709AE41009DAD06 /* ValidationRulesViewController + AccessibilityIdentifiers.swift */,
			);
			path = AccessibilityIdentifiers;
			sourceTree = "<group>";
		};
		97550E182709B1DB009DAD06 /* TextFieldsUITests */ = {
			isa = PBXGroup;
			children = (
				97550E2C2709B3E4009DAD06 /* ValidationRulesViewUITests.swift */,
				97550E2A2709B3BE009DAD06 /* LinkViewUITests.swift */,
				97550E282709B394009DAD06 /* OnlyCharactersViewUITests.swift */,
				97550E262709B36E009DAD06 /* InputLimitFieldViewUITests.swift */,
				97550E242709B343009DAD06 /* NoDigitsFieldViewUITexts.swift */,
				97550E192709B1DB009DAD06 /* TextFieldsViewUITests.swift */,
				97550E222709B222009DAD06 /* UITestsAccessibilityIdentifiers.swift */,
			);
			path = TextFieldsUITests;
			sourceTree = "<group>";
		};
		97550E332709B8BE009DAD06 /* TextFieldsTests */ = {
			isa = PBXGroup;
			children = (
				97550E342709B8BE009DAD06 /* TextFieldsTests.swift */,
			);
			path = TextFieldsTests;
			sourceTree = "<group>";
		};
		9770ECC527034E610033120D /* CustomControls */ = {
			isa = PBXGroup;
			children = (
				9770ECC627034E800033120D /* CardButton.swift */,
			);
			path = CustomControls;
			sourceTree = "<group>";
		};
		9783DEBF2703442900C403E6 /* Extensions */ = {
			isa = PBXGroup;
			children = (
				97ADBE4927045697008FDF85 /* TextFieldView + UITextFieldDelegate.swift */,
				97550E082709ADC1009DAD06 /* AccessibilityIdentifiers */,
			);
			path = Extensions;
			sourceTree = "<group>";
		};
		97C4866A26F68E0800FEC229 = {
			isa = PBXGroup;
			children = (
				97C4867526F68E0800FEC229 /* textFields! */,
				97550E182709B1DB009DAD06 /* TextFieldsUITests */,
				97550E332709B8BE009DAD06 /* TextFieldsTests */,
				97C4867426F68E0800FEC229 /* Products */,
				AF15970B7BCAE471EEE82A18 /* Pods */,
				66E9F3F992BFE9683B9BC7E0 /* Frameworks */,
			);
			sourceTree = "<group>";
		};
		97C4867426F68E0800FEC229 /* Products */ = {
			isa = PBXGroup;
			children = (
				97C4867326F68E0800FEC229 /* textFields!.app */,
				97550E172709B1DB009DAD06 /* TextFieldsUITests.xctest */,
				97550E322709B8BE009DAD06 /* TextFieldsTests.xctest */,
			);
			name = Products;
			sourceTree = "<group>";
		};
		97C4867526F68E0800FEC229 /* textFields! */ = {
			isa = PBXGroup;
			children = (
				97C4867626F68E0800FEC229 /* AppDelegate.swift */,
				97C4867826F68E0800FEC229 /* SceneDelegate.swift */,
				9770ECC527034E610033120D /* CustomControls */,
				9783DEBF2703442900C403E6 /* Extensions */,
				97D377E126FB2B8800CEF4EA /* Models */,
				97FECA0A26F8E36A007AE7BC /* Controllers */,
				97FECA1126F8E425007AE7BC /* View */,
				97FECA0C26F8E380007AE7BC /* Fonts */,
				97C4867F26F68E0900FEC229 /* Assets.xcassets */,
				97C4868126F68E0900FEC229 /* LaunchScreen.storyboard */,
				97C4868426F68E0900FEC229 /* Info.plist */,
			);
			path = "textFields!";
			sourceTree = "<group>";
		};
		97D377E126FB2B8800CEF4EA /* Models */ = {
			isa = PBXGroup;
			children = (
				97D377E526FB32F200CEF4EA /* TextFieldsModel.swift */,
				974AC75626FAFCE60032B1CF /* TextFieldsSettings.swift */,
			);
			path = Models;
			sourceTree = "<group>";
		};
		97D377E726FB699E00CEF4EA /* TextFieldView */ = {
			isa = PBXGroup;
			children = (
				97FECA1226F8E5F3007AE7BC /* TextFieldView.swift */,
				97FECA1426F8E616007AE7BC /* TextFieldView.xib */,
			);
			path = TextFieldView;
			sourceTree = "<group>";
		};
		97FECA0A26F8E36A007AE7BC /* Controllers */ = {
			isa = PBXGroup;
			children = (
				97C4867A26F68E0800FEC229 /* TextFieldsViewController.swift */,
				9783DEB52703251800C403E6 /* NoDigitsViewController.swift */,
				9783DEB72703253600C403E6 /* InputLimitViewController.swift */,
				9783DEB92703254E00C403E6 /* OnlyCharactersViewController.swift */,
				9783DEBB2703256500C403E6 /* LinkViewController.swift */,
				9783DEBD2703257700C403E6 /* ValidationRulesViewController.swift */,
			);
			path = Controllers;
			sourceTree = "<group>";
		};
		97FECA0C26F8E380007AE7BC /* Fonts */ = {
			isa = PBXGroup;
			children = (
				97FECA0D26F8E399007AE7BC /* SF-Pro-Display-Bold.otf */,
				97FECA0F26F8E3A6007AE7BC /* SF-Pro-Display-Regular.otf */,
			);
			path = Fonts;
			sourceTree = "<group>";
		};
		97FECA1126F8E425007AE7BC /* View */ = {
			isa = PBXGroup;
			children = (
				970C54B727043F090005EAF3 /* Storyboards */,
				97D377DF26FB2B1B00CEF4EA /* CustomTextField.swift */,
				97D377E726FB699E00CEF4EA /* TextFieldView */,
			);
			path = View;
			sourceTree = "<group>";
		};
		AF15970B7BCAE471EEE82A18 /* Pods */ = {
			isa = PBXGroup;
			children = (
				7F0D15DFFD4F0AA4A7736A46 /* Pods-textFields!.debug.xcconfig */,
				6273D3E1CF363F6726CEB290 /* Pods-textFields!.release.xcconfig */,
			);
			path = Pods;
			sourceTree = "<group>";
		};
/* End PBXGroup section */

/* Begin PBXNativeTarget section */
		97550E162709B1DB009DAD06 /* TextFieldsUITests */ = {
			isa = PBXNativeTarget;
			buildConfigurationList = 97550E1F2709B1DB009DAD06 /* Build configuration list for PBXNativeTarget "TextFieldsUITests" */;
			buildPhases = (
				97550E132709B1DB009DAD06 /* Sources */,
				97550E142709B1DB009DAD06 /* Frameworks */,
				97550E152709B1DB009DAD06 /* Resources */,
			);
			buildRules = (
			);
			dependencies = (
				97550E1E2709B1DB009DAD06 /* PBXTargetDependency */,
			);
			name = TextFieldsUITests;
			productName = TextFieldsUITests;
			productReference = 97550E172709B1DB009DAD06 /* TextFieldsUITests.xctest */;
			productType = "com.apple.product-type.bundle.ui-testing";
		};
		97550E312709B8BE009DAD06 /* TextFieldsTests */ = {
			isa = PBXNativeTarget;
			buildConfigurationList = 97550E382709B8BE009DAD06 /* Build configuration list for PBXNativeTarget "TextFieldsTests" */;
			buildPhases = (
				97550E2E2709B8BE009DAD06 /* Sources */,
				97550E2F2709B8BE009DAD06 /* Frameworks */,
				97550E302709B8BE009DAD06 /* Resources */,
			);
			buildRules = (
			);
			dependencies = (
				97550E372709B8BE009DAD06 /* PBXTargetDependency */,
			);
			name = TextFieldsTests;
			productName = TextFieldsTests;
			productReference = 97550E322709B8BE009DAD06 /* TextFieldsTests.xctest */;
			productType = "com.apple.product-type.bundle.unit-test";
		};
		97C4867226F68E0800FEC229 /* textFields! */ = {
			isa = PBXNativeTarget;
			buildConfigurationList = 97C4868726F68E0900FEC229 /* Build configuration list for PBXNativeTarget "textFields!" */;
			buildPhases = (
				97C4868A26F68F2A00FEC229 /* ShellScript */,
				7473710EFE051BDEC2900F26 /* [CP] Check Pods Manifest.lock */,
				97C4866F26F68E0800FEC229 /* Sources */,
				97C4867026F68E0800FEC229 /* Frameworks */,
				97C4867126F68E0800FEC229 /* Resources */,
				85BEB601E21207A8BE91BD7D /* [CP] Embed Pods Frameworks */,
				97502B9D2702171D005A96D9 /* Embed Frameworks */,
			);
			buildRules = (
			);
			dependencies = (
			);
			name = "textFields!";
			productName = "textFields!";
			productReference = 97C4867326F68E0800FEC229 /* textFields!.app */;
			productType = "com.apple.product-type.application";
		};
/* End PBXNativeTarget section */

/* Begin PBXProject section */
		97C4866B26F68E0800FEC229 /* Project object */ = {
			isa = PBXProject;
			attributes = {
				LastSwiftUpdateCheck = 1300;
				LastUpgradeCheck = 1300;
				TargetAttributes = {
					97550E162709B1DB009DAD06 = {
						CreatedOnToolsVersion = 13.0;
						TestTargetID = 97C4867226F68E0800FEC229;
					};
					97550E312709B8BE009DAD06 = {
						CreatedOnToolsVersion = 13.0;
						TestTargetID = 97C4867226F68E0800FEC229;
					};
					97C4867226F68E0800FEC229 = {
						CreatedOnToolsVersion = 12.5.1;
					};
				};
			};
			buildConfigurationList = 97C4866E26F68E0800FEC229 /* Build configuration list for PBXProject "textFields!" */;
			compatibilityVersion = "Xcode 9.3";
			developmentRegion = en;
			hasScannedForEncodings = 0;
			knownRegions = (
				en,
				Base,
			);
			mainGroup = 97C4866A26F68E0800FEC229;
			productRefGroup = 97C4867426F68E0800FEC229 /* Products */;
			projectDirPath = "";
			projectRoot = "";
			targets = (
				97C4867226F68E0800FEC229 /* textFields! */,
				97550E162709B1DB009DAD06 /* TextFieldsUITests */,
				97550E312709B8BE009DAD06 /* TextFieldsTests */,
			);
		};
/* End PBXProject section */

/* Begin PBXResourcesBuildPhase section */
		97550E152709B1DB009DAD06 /* Resources */ = {
			isa = PBXResourcesBuildPhase;
			buildActionMask = 2147483647;
			files = (
			);
			runOnlyForDeploymentPostprocessing = 0;
		};
		97550E302709B8BE009DAD06 /* Resources */ = {
			isa = PBXResourcesBuildPhase;
			buildActionMask = 2147483647;
			files = (
			);
			runOnlyForDeploymentPostprocessing = 0;
		};
		97C4867126F68E0800FEC229 /* Resources */ = {
			isa = PBXResourcesBuildPhase;
			buildActionMask = 2147483647;
			files = (
				970C54BA2704402D0005EAF3 /* LinkFieldView.storyboard in Resources */,
				970C54B127043D2E0005EAF3 /* OnlyCharactersFieldView.storyboard in Resources */,
				97C4868326F68E0900FEC229 /* LaunchScreen.storyboard in Resources */,
				970C54B627043D840005EAF3 /* ValidationRulesFieldView.storyboard in Resources */,
				97C4868026F68E0900FEC229 /* Assets.xcassets in Resources */,
				97FECA0E26F8E399007AE7BC /* SF-Pro-Display-Bold.otf in Resources */,
				97FECA1026F8E3A6007AE7BC /* SF-Pro-Display-Regular.otf in Resources */,
				97FECA1526F8E616007AE7BC /* TextFieldView.xib in Resources */,
				97C4867E26F68E0800FEC229 /* Main.storyboard in Resources */,
				970C54AC27043CCE0005EAF3 /* NoDigitsFieldView.storyboard in Resources */,
				970C54BD2704403D0005EAF3 /* InputLimitFieldView.storyboard in Resources */,
			);
			runOnlyForDeploymentPostprocessing = 0;
		};
/* End PBXResourcesBuildPhase section */

/* Begin PBXShellScriptBuildPhase section */
		7473710EFE051BDEC2900F26 /* [CP] Check Pods Manifest.lock */ = {
			isa = PBXShellScriptBuildPhase;
			buildActionMask = 2147483647;
			files = (
			);
			inputFileListPaths = (
			);
			inputPaths = (
				"${PODS_PODFILE_DIR_PATH}/Podfile.lock",
				"${PODS_ROOT}/Manifest.lock",
			);
			name = "[CP] Check Pods Manifest.lock";
			outputFileListPaths = (
			);
			outputPaths = (
				"$(DERIVED_FILE_DIR)/Pods-textFields!-checkManifestLockResult.txt",
			);
			runOnlyForDeploymentPostprocessing = 0;
			shellPath = /bin/sh;
			shellScript = "diff \"${PODS_PODFILE_DIR_PATH}/Podfile.lock\" \"${PODS_ROOT}/Manifest.lock\" > /dev/null\nif [ $? != 0 ] ; then\n    # print error to STDERR\n    echo \"error: The sandbox is not in sync with the Podfile.lock. Run 'pod install' or update your CocoaPods installation.\" >&2\n    exit 1\nfi\n# This output is used by Xcode 'outputs' to avoid re-running this script phase.\necho \"SUCCESS\" > \"${SCRIPT_OUTPUT_FILE_0}\"\n";
			showEnvVarsInLog = 0;
		};
		85BEB601E21207A8BE91BD7D /* [CP] Embed Pods Frameworks */ = {
			isa = PBXShellScriptBuildPhase;
			buildActionMask = 2147483647;
			files = (
			);
			inputFileListPaths = (
				"${PODS_ROOT}/Target Support Files/Pods-textFields!/Pods-textFields!-frameworks-${CONFIGURATION}-input-files.xcfilelist",
			);
			name = "[CP] Embed Pods Frameworks";
			outputFileListPaths = (
				"${PODS_ROOT}/Target Support Files/Pods-textFields!/Pods-textFields!-frameworks-${CONFIGURATION}-output-files.xcfilelist",
			);
			runOnlyForDeploymentPostprocessing = 0;
			shellPath = /bin/sh;
			shellScript = "\"${PODS_ROOT}/Target Support Files/Pods-textFields!/Pods-textFields!-frameworks.sh\"\n";
			showEnvVarsInLog = 0;
		};
		97C4868A26F68F2A00FEC229 /* ShellScript */ = {
			isa = PBXShellScriptBuildPhase;
			buildActionMask = 2147483647;
			files = (
			);
			inputFileListPaths = (
			);
			inputPaths = (
			);
			outputFileListPaths = (
			);
			outputPaths = (
			);
			runOnlyForDeploymentPostprocessing = 0;
			shellPath = /bin/sh;
			shellScript = "if which swiftlint >/dev/null; then\n  swiftlint\nelse\n  echo \"warning: SwiftLint not installed, download from https://github.com/realm/SwiftLint\"\nfi\n";
		};
/* End PBXShellScriptBuildPhase section */

/* Begin PBXSourcesBuildPhase section */
		97550E132709B1DB009DAD06 /* Sources */ = {
			isa = PBXSourcesBuildPhase;
			buildActionMask = 2147483647;
			files = (
				97550E2B2709B3BE009DAD06 /* LinkViewUITests.swift in Sources */,
				97550E292709B394009DAD06 /* OnlyCharactersViewUITests.swift in Sources */,
				97550E2D2709B3E4009DAD06 /* ValidationRulesViewUITests.swift in Sources */,
				97550E232709B222009DAD06 /* UITestsAccessibilityIdentifiers.swift in Sources */,
				97550E1A2709B1DB009DAD06 /* TextFieldsViewUITests.swift in Sources */,
				97550E272709B36E009DAD06 /* InputLimitFieldViewUITests.swift in Sources */,
				97550E252709B343009DAD06 /* NoDigitsFieldViewUITexts.swift in Sources */,
			);
			runOnlyForDeploymentPostprocessing = 0;
		};
		97550E2E2709B8BE009DAD06 /* Sources */ = {
			isa = PBXSourcesBuildPhase;
			buildActionMask = 2147483647;
			files = (
				97550E352709B8BE009DAD06 /* TextFieldsTests.swift in Sources */,
			);
			runOnlyForDeploymentPostprocessing = 0;
		};
		97C4866F26F68E0800FEC229 /* Sources */ = {
			isa = PBXSourcesBuildPhase;
			buildActionMask = 2147483647;
			files = (
				97550E0C2709AE02009DAD06 /* InputLimitViewController + AccessibilityIdentifiers.swift in Sources */,
				9783DEBC2703256500C403E6 /* LinkViewController.swift in Sources */,
				97C4867B26F68E0800FEC229 /* TextFieldsViewController.swift in Sources */,
				974AC75726FAFCE60032B1CF /* TextFieldsSettings.swift in Sources */,
				97ADBE4A27045697008FDF85 /* TextFieldView + UITextFieldDelegate.swift in Sources */,
				97D377E026FB2B1B00CEF4EA /* CustomTextField.swift in Sources */,
				97C4867726F68E0800FEC229 /* AppDelegate.swift in Sources */,
				97D377E626FB32F300CEF4EA /* TextFieldsModel.swift in Sources */,
				97550E0E2709AE19009DAD06 /* OnlyCharactersViewController + AccessibilityIdentifiers.swift in Sources */,
				9783DEBE2703257700C403E6 /* ValidationRulesViewController.swift in Sources */,
				97550E102709AE2E009DAD06 /* LinkViewController + AccessibilityIdentifiers.swift in Sources */,
				97FECA1326F8E5F3007AE7BC /* TextFieldView.swift in Sources */,
				9770ECC727034E800033120D /* CardButton.swift in Sources */,
				97C4867926F68E0800FEC229 /* SceneDelegate.swift in Sources */,
				97550E0A2709ADEB009DAD06 /* NoDigitsViewController + AccessibilityIdentifiers.swift in Sources */,
				97550E122709AE41009DAD06 /* ValidationRulesViewController + AccessibilityIdentifiers.swift in Sources */,
				9783DEB82703253600C403E6 /* InputLimitViewController.swift in Sources */,
				97550E072709ADAF009DAD06 /* TextFieldsViewController + AccessibilityIdentifiers.swift in Sources */,
				9783DEBA2703254E00C403E6 /* OnlyCharactersViewController.swift in Sources */,
				9783DEB62703251800C403E6 /* NoDigitsViewController.swift in Sources */,
			);
			runOnlyForDeploymentPostprocessing = 0;
		};
/* End PBXSourcesBuildPhase section */

/* Begin PBXTargetDependency section */
		97550E1E2709B1DB009DAD06 /* PBXTargetDependency */ = {
			isa = PBXTargetDependency;
			target = 97C4867226F68E0800FEC229 /* textFields! */;
			targetProxy = 97550E1D2709B1DB009DAD06 /* PBXContainerItemProxy */;
		};
		97550E372709B8BE009DAD06 /* PBXTargetDependency */ = {
			isa = PBXTargetDependency;
			target = 97C4867226F68E0800FEC229 /* textFields! */;
			targetProxy = 97550E362709B8BE009DAD06 /* PBXContainerItemProxy */;
		};
/* End PBXTargetDependency section */

/* Begin PBXVariantGroup section */
		970C54AA27043CCE0005EAF3 /* NoDigitsFieldView.storyboard */ = {
			isa = PBXVariantGroup;
			children = (
				970C54AB27043CCE0005EAF3 /* Base */,
			);
			name = NoDigitsFieldView.storyboard;
			sourceTree = "<group>";
		};
		970C54AF27043D2E0005EAF3 /* OnlyCharactersFieldView.storyboard */ = {
			isa = PBXVariantGroup;
			children = (
				970C54B027043D2E0005EAF3 /* Base */,
			);
			name = OnlyCharactersFieldView.storyboard;
			sourceTree = "<group>";
		};
		970C54B427043D840005EAF3 /* ValidationRulesFieldView.storyboard */ = {
			isa = PBXVariantGroup;
			children = (
				970C54B527043D840005EAF3 /* Base */,
			);
			name = ValidationRulesFieldView.storyboard;
			sourceTree = "<group>";
		};
		970C54B82704402D0005EAF3 /* LinkFieldView.storyboard */ = {
			isa = PBXVariantGroup;
			children = (
				970C54B92704402D0005EAF3 /* Base */,
			);
			name = LinkFieldView.storyboard;
			sourceTree = "<group>";
		};
		970C54BB2704403D0005EAF3 /* InputLimitFieldView.storyboard */ = {
			isa = PBXVariantGroup;
			children = (
				970C54BC2704403D0005EAF3 /* Base */,
			);
			name = InputLimitFieldView.storyboard;
			sourceTree = "<group>";
		};
		97C4867C26F68E0800FEC229 /* Main.storyboard */ = {
			isa = PBXVariantGroup;
			children = (
				97C4867D26F68E0800FEC229 /* Base */,
			);
			name = Main.storyboard;
			sourceTree = "<group>";
		};
		97C4868126F68E0900FEC229 /* LaunchScreen.storyboard */ = {
			isa = PBXVariantGroup;
			children = (
				97C4868226F68E0900FEC229 /* Base */,
			);
			name = LaunchScreen.storyboard;
			sourceTree = "<group>";
		};
/* End PBXVariantGroup section */

/* Begin XCBuildConfiguration section */
		97550E202709B1DB009DAD06 /* Debug */ = {
			isa = XCBuildConfiguration;
			buildSettings = {
				CLANG_CXX_LANGUAGE_STANDARD = "gnu++17";
				CODE_SIGN_STYLE = Automatic;
				CURRENT_PROJECT_VERSION = 1;
				DEVELOPMENT_TEAM = 334HNT23HZ;
				GENERATE_INFOPLIST_FILE = YES;
				IPHONEOS_DEPLOYMENT_TARGET = 15.0;
				LD_RUNPATH_SEARCH_PATHS = (
					"$(inherited)",
					"@executable_path/Frameworks",
					"@loader_path/Frameworks",
				);
				MARKETING_VERSION = 1.0;
				PRODUCT_BUNDLE_IDENTIFIER = com.jevgenijsjefrosinins.TextFieldsUITests;
				PRODUCT_NAME = "$(TARGET_NAME)";
				SWIFT_EMIT_LOC_STRINGS = NO;
				SWIFT_VERSION = 5.0;
				TARGETED_DEVICE_FAMILY = "1,2";
				TEST_TARGET_NAME = "textFields!";
			};
			name = Debug;
		};
		97550E212709B1DB009DAD06 /* Release */ = {
			isa = XCBuildConfiguration;
			buildSettings = {
				CLANG_CXX_LANGUAGE_STANDARD = "gnu++17";
				CODE_SIGN_STYLE = Automatic;
				CURRENT_PROJECT_VERSION = 1;
				DEVELOPMENT_TEAM = 334HNT23HZ;
				GENERATE_INFOPLIST_FILE = YES;
				IPHONEOS_DEPLOYMENT_TARGET = 15.0;
				LD_RUNPATH_SEARCH_PATHS = (
					"$(inherited)",
					"@executable_path/Frameworks",
					"@loader_path/Frameworks",
				);
				MARKETING_VERSION = 1.0;
				PRODUCT_BUNDLE_IDENTIFIER = com.jevgenijsjefrosinins.TextFieldsUITests;
				PRODUCT_NAME = "$(TARGET_NAME)";
				SWIFT_EMIT_LOC_STRINGS = NO;
				SWIFT_VERSION = 5.0;
				TARGETED_DEVICE_FAMILY = "1,2";
				TEST_TARGET_NAME = "textFields!";
			};
			name = Release;
		};
		97550E392709B8BE009DAD06 /* Debug */ = {
			isa = XCBuildConfiguration;
			buildSettings = {
				BUNDLE_LOADER = "$(TEST_HOST)";
				CLANG_CXX_LANGUAGE_STANDARD = "gnu++17";
				CODE_SIGN_STYLE = Automatic;
				CURRENT_PROJECT_VERSION = 1;
				DEVELOPMENT_TEAM = 334HNT23HZ;
				GENERATE_INFOPLIST_FILE = YES;
				IPHONEOS_DEPLOYMENT_TARGET = 15.0;
				LD_RUNPATH_SEARCH_PATHS = (
					"$(inherited)",
					"@executable_path/Frameworks",
					"@loader_path/Frameworks",
				);
				MARKETING_VERSION = 1.0;
				PRODUCT_BUNDLE_IDENTIFIER = com.jevgenijsjefrosinins.TextFieldsTests;
				PRODUCT_NAME = "$(TARGET_NAME)";
				SWIFT_EMIT_LOC_STRINGS = NO;
				SWIFT_VERSION = 5.0;
				TARGETED_DEVICE_FAMILY = "1,2";
				TEST_HOST = "$(BUILT_PRODUCTS_DIR)/textFields!.app/textFields!";
			};
			name = Debug;
		};
		97550E3A2709B8BE009DAD06 /* Release */ = {
			isa = XCBuildConfiguration;
			buildSettings = {
				BUNDLE_LOADER = "$(TEST_HOST)";
				CLANG_CXX_LANGUAGE_STANDARD = "gnu++17";
				CODE_SIGN_STYLE = Automatic;
				CURRENT_PROJECT_VERSION = 1;
				DEVELOPMENT_TEAM = 334HNT23HZ;
				GENERATE_INFOPLIST_FILE = YES;
				IPHONEOS_DEPLOYMENT_TARGET = 15.0;
				LD_RUNPATH_SEARCH_PATHS = (
					"$(inherited)",
					"@executable_path/Frameworks",
					"@loader_path/Frameworks",
				);
				MARKETING_VERSION = 1.0;
				PRODUCT_BUNDLE_IDENTIFIER = com.jevgenijsjefrosinins.TextFieldsTests;
				PRODUCT_NAME = "$(TARGET_NAME)";
				SWIFT_EMIT_LOC_STRINGS = NO;
				SWIFT_VERSION = 5.0;
				TARGETED_DEVICE_FAMILY = "1,2";
				TEST_HOST = "$(BUILT_PRODUCTS_DIR)/textFields!.app/textFields!";
			};
			name = Release;
		};
		97C4868526F68E0900FEC229 /* Debug */ = {
			isa = XCBuildConfiguration;
			buildSettings = {
				ALWAYS_SEARCH_USER_PATHS = NO;
				CLANG_ANALYZER_NONNULL = YES;
				CLANG_ANALYZER_NUMBER_OBJECT_CONVERSION = YES_AGGRESSIVE;
				CLANG_CXX_LANGUAGE_STANDARD = "gnu++14";
				CLANG_CXX_LIBRARY = "libc++";
				CLANG_ENABLE_MODULES = YES;
				CLANG_ENABLE_OBJC_ARC = YES;
				CLANG_ENABLE_OBJC_WEAK = YES;
				CLANG_WARN_BLOCK_CAPTURE_AUTORELEASING = YES;
				CLANG_WARN_BOOL_CONVERSION = YES;
				CLANG_WARN_COMMA = YES;
				CLANG_WARN_CONSTANT_CONVERSION = YES;
				CLANG_WARN_DEPRECATED_OBJC_IMPLEMENTATIONS = YES;
				CLANG_WARN_DIRECT_OBJC_ISA_USAGE = YES_ERROR;
				CLANG_WARN_DOCUMENTATION_COMMENTS = YES;
				CLANG_WARN_EMPTY_BODY = YES;
				CLANG_WARN_ENUM_CONVERSION = YES;
				CLANG_WARN_INFINITE_RECURSION = YES;
				CLANG_WARN_INT_CONVERSION = YES;
				CLANG_WARN_NON_LITERAL_NULL_CONVERSION = YES;
				CLANG_WARN_OBJC_IMPLICIT_RETAIN_SELF = YES;
				CLANG_WARN_OBJC_LITERAL_CONVERSION = YES;
				CLANG_WARN_OBJC_ROOT_CLASS = YES_ERROR;
				CLANG_WARN_QUOTED_INCLUDE_IN_FRAMEWORK_HEADER = YES;
				CLANG_WARN_RANGE_LOOP_ANALYSIS = YES;
				CLANG_WARN_STRICT_PROTOTYPES = YES;
				CLANG_WARN_SUSPICIOUS_MOVE = YES;
				CLANG_WARN_UNGUARDED_AVAILABILITY = YES_AGGRESSIVE;
				CLANG_WARN_UNREACHABLE_CODE = YES;
				CLANG_WARN__DUPLICATE_METHOD_MATCH = YES;
				COPY_PHASE_STRIP = NO;
				DEBUG_INFORMATION_FORMAT = dwarf;
				ENABLE_STRICT_OBJC_MSGSEND = YES;
				ENABLE_TESTABILITY = YES;
				GCC_C_LANGUAGE_STANDARD = gnu11;
				GCC_DYNAMIC_NO_PIC = NO;
				GCC_NO_COMMON_BLOCKS = YES;
				GCC_OPTIMIZATION_LEVEL = 0;
				GCC_PREPROCESSOR_DEFINITIONS = (
					"DEBUG=1",
					"$(inherited)",
				);
				GCC_WARN_64_TO_32_BIT_CONVERSION = YES;
				GCC_WARN_ABOUT_RETURN_TYPE = YES_ERROR;
				GCC_WARN_UNDECLARED_SELECTOR = YES;
				GCC_WARN_UNINITIALIZED_AUTOS = YES_AGGRESSIVE;
				GCC_WARN_UNUSED_FUNCTION = YES;
				GCC_WARN_UNUSED_VARIABLE = YES;
				IPHONEOS_DEPLOYMENT_TARGET = 14.5;
				MTL_ENABLE_DEBUG_INFO = INCLUDE_SOURCE;
				MTL_FAST_MATH = YES;
				ONLY_ACTIVE_ARCH = YES;
				SDKROOT = iphoneos;
				SWIFT_ACTIVE_COMPILATION_CONDITIONS = DEBUG;
				SWIFT_OPTIMIZATION_LEVEL = "-Onone";
			};
			name = Debug;
		};
		97C4868626F68E0900FEC229 /* Release */ = {
			isa = XCBuildConfiguration;
			buildSettings = {
				ALWAYS_SEARCH_USER_PATHS = NO;
				CLANG_ANALYZER_NONNULL = YES;
				CLANG_ANALYZER_NUMBER_OBJECT_CONVERSION = YES_AGGRESSIVE;
				CLANG_CXX_LANGUAGE_STANDARD = "gnu++14";
				CLANG_CXX_LIBRARY = "libc++";
				CLANG_ENABLE_MODULES = YES;
				CLANG_ENABLE_OBJC_ARC = YES;
				CLANG_ENABLE_OBJC_WEAK = YES;
				CLANG_WARN_BLOCK_CAPTURE_AUTORELEASING = YES;
				CLANG_WARN_BOOL_CONVERSION = YES;
				CLANG_WARN_COMMA = YES;
				CLANG_WARN_CONSTANT_CONVERSION = YES;
				CLANG_WARN_DEPRECATED_OBJC_IMPLEMENTATIONS = YES;
				CLANG_WARN_DIRECT_OBJC_ISA_USAGE = YES_ERROR;
				CLANG_WARN_DOCUMENTATION_COMMENTS = YES;
				CLANG_WARN_EMPTY_BODY = YES;
				CLANG_WARN_ENUM_CONVERSION = YES;
				CLANG_WARN_INFINITE_RECURSION = YES;
				CLANG_WARN_INT_CONVERSION = YES;
				CLANG_WARN_NON_LITERAL_NULL_CONVERSION = YES;
				CLANG_WARN_OBJC_IMPLICIT_RETAIN_SELF = YES;
				CLANG_WARN_OBJC_LITERAL_CONVERSION = YES;
				CLANG_WARN_OBJC_ROOT_CLASS = YES_ERROR;
				CLANG_WARN_QUOTED_INCLUDE_IN_FRAMEWORK_HEADER = YES;
				CLANG_WARN_RANGE_LOOP_ANALYSIS = YES;
				CLANG_WARN_STRICT_PROTOTYPES = YES;
				CLANG_WARN_SUSPICIOUS_MOVE = YES;
				CLANG_WARN_UNGUARDED_AVAILABILITY = YES_AGGRESSIVE;
				CLANG_WARN_UNREACHABLE_CODE = YES;
				CLANG_WARN__DUPLICATE_METHOD_MATCH = YES;
				COPY_PHASE_STRIP = NO;
				DEBUG_INFORMATION_FORMAT = "dwarf-with-dsym";
				ENABLE_NS_ASSERTIONS = NO;
				ENABLE_STRICT_OBJC_MSGSEND = YES;
				GCC_C_LANGUAGE_STANDARD = gnu11;
				GCC_NO_COMMON_BLOCKS = YES;
				GCC_WARN_64_TO_32_BIT_CONVERSION = YES;
				GCC_WARN_ABOUT_RETURN_TYPE = YES_ERROR;
				GCC_WARN_UNDECLARED_SELECTOR = YES;
				GCC_WARN_UNINITIALIZED_AUTOS = YES_AGGRESSIVE;
				GCC_WARN_UNUSED_FUNCTION = YES;
				GCC_WARN_UNUSED_VARIABLE = YES;
				IPHONEOS_DEPLOYMENT_TARGET = 14.5;
				MTL_ENABLE_DEBUG_INFO = NO;
				MTL_FAST_MATH = YES;
				SDKROOT = iphoneos;
				SWIFT_COMPILATION_MODE = wholemodule;
				SWIFT_OPTIMIZATION_LEVEL = "-O";
				VALIDATE_PRODUCT = YES;
			};
			name = Release;
		};
		97C4868826F68E0900FEC229 /* Debug */ = {
			isa = XCBuildConfiguration;
			baseConfigurationReference = 7F0D15DFFD4F0AA4A7736A46 /* Pods-textFields!.debug.xcconfig */;
			buildSettings = {
				ASSETCATALOG_COMPILER_APPICON_NAME = AppIcon;
				ASSETCATALOG_COMPILER_GLOBAL_ACCENT_COLOR_NAME = AccentColor;
				CODE_SIGN_STYLE = Automatic;
				DEVELOPMENT_TEAM = 334HNT23HZ;
				INFOPLIST_FILE = "textFields!/Info.plist";
				LD_RUNPATH_SEARCH_PATHS = (
					"$(inherited)",
					"@executable_path/Frameworks",
				);
				PRODUCT_BUNDLE_IDENTIFIER = "com.jevgenijsjefrosinins.textFields-";
				PRODUCT_NAME = "$(TARGET_NAME)";
				SWIFT_VERSION = 5.0;
				TARGETED_DEVICE_FAMILY = "1,2";
			};
			name = Debug;
		};
		97C4868926F68E0900FEC229 /* Release */ = {
			isa = XCBuildConfiguration;
			baseConfigurationReference = 6273D3E1CF363F6726CEB290 /* Pods-textFields!.release.xcconfig */;
			buildSettings = {
				ASSETCATALOG_COMPILER_APPICON_NAME = AppIcon;
				ASSETCATALOG_COMPILER_GLOBAL_ACCENT_COLOR_NAME = AccentColor;
				CODE_SIGN_STYLE = Automatic;
				DEVELOPMENT_TEAM = 334HNT23HZ;
				INFOPLIST_FILE = "textFields!/Info.plist";
				LD_RUNPATH_SEARCH_PATHS = (
					"$(inherited)",
					"@executable_path/Frameworks",
				);
				PRODUCT_BUNDLE_IDENTIFIER = "com.jevgenijsjefrosinins.textFields-";
				PRODUCT_NAME = "$(TARGET_NAME)";
				SWIFT_VERSION = 5.0;
				TARGETED_DEVICE_FAMILY = "1,2";
			};
			name = Release;
		};
/* End XCBuildConfiguration section */

/* Begin XCConfigurationList section */
		97550E1F2709B1DB009DAD06 /* Build configuration list for PBXNativeTarget "TextFieldsUITests" */ = {
			isa = XCConfigurationList;
			buildConfigurations = (
				97550E202709B1DB009DAD06 /* Debug */,
				97550E212709B1DB009DAD06 /* Release */,
			);
			defaultConfigurationIsVisible = 0;
			defaultConfigurationName = Release;
		};
		97550E382709B8BE009DAD06 /* Build configuration list for PBXNativeTarget "TextFieldsTests" */ = {
			isa = XCConfigurationList;
			buildConfigurations = (
				97550E392709B8BE009DAD06 /* Debug */,
				97550E3A2709B8BE009DAD06 /* Release */,
			);
			defaultConfigurationIsVisible = 0;
			defaultConfigurationName = Release;
		};
		97C4866E26F68E0800FEC229 /* Build configuration list for PBXProject "textFields!" */ = {
			isa = XCConfigurationList;
			buildConfigurations = (
				97C4868526F68E0900FEC229 /* Debug */,
				97C4868626F68E0900FEC229 /* Release */,
			);
			defaultConfigurationIsVisible = 0;
			defaultConfigurationName = Release;
		};
		97C4868726F68E0900FEC229 /* Build configuration list for PBXNativeTarget "textFields!" */ = {
			isa = XCConfigurationList;
			buildConfigurations = (
				97C4868826F68E0900FEC229 /* Debug */,
				97C4868926F68E0900FEC229 /* Release */,
			);
			defaultConfigurationIsVisible = 0;
			defaultConfigurationName = Release;
		};
/* End XCConfigurationList section */
	};
	rootObject = 97C4866B26F68E0800FEC229 /* Project object */;
}
