// !$*UTF8*$!
{
	archiveVersion = 1;
	classes = {
	};
	objectVersion = 51;
	objects = {

/* Begin PBXBuildFile section */
		974AC76526FB26DE0032B1CF /* TextFieldsSettings.swift in Sources */ = {isa = PBXBuildFile; fileRef = 974AC76426FB26DE0032B1CF /* TextFieldsSettings.swift */; };
		974AC76926FB273E0032B1CF /* TextFieldsViewController + UITextFieldDelegate.swift in Sources */ = {isa = PBXBuildFile; fileRef = 974AC76826FB273E0032B1CF /* TextFieldsViewController + UITextFieldDelegate.swift */; };
		977905D626F689C7005815EA /* AppDelegate.swift in Sources */ = {isa = PBXBuildFile; fileRef = 977905D526F689C7005815EA /* AppDelegate.swift */; };
		977905D826F689C7005815EA /* SceneDelegate.swift in Sources */ = {isa = PBXBuildFile; fileRef = 977905D726F689C7005815EA /* SceneDelegate.swift */; };
		977905DA26F689C7005815EA /* TextFieldsViewController.swift in Sources */ = {isa = PBXBuildFile; fileRef = 977905D926F689C7005815EA /* TextFieldsViewController.swift */; };
		977905DD26F689C7005815EA /* Main.storyboard in Resources */ = {isa = PBXBuildFile; fileRef = 977905DB26F689C7005815EA /* Main.storyboard */; };
		977905DF26F689C8005815EA /* Assets.xcassets in Resources */ = {isa = PBXBuildFile; fileRef = 977905DE26F689C8005815EA /* Assets.xcassets */; };
		977905E226F689C8005815EA /* LaunchScreen.storyboard in Resources */ = {isa = PBXBuildFile; fileRef = 977905E026F689C8005815EA /* LaunchScreen.storyboard */; };
		9788D54B26FE850800C610EE /* CustomTextField.swift in Sources */ = {isa = PBXBuildFile; fileRef = 9788D54A26FE850800C610EE /* CustomTextField.swift */; };
		9788D54D26FE859400C610EE /* TextFieldModel.swift in Sources */ = {isa = PBXBuildFile; fileRef = 9788D54C26FE859400C610EE /* TextFieldModel.swift */; };
		97AA949326F910F800D000BE /* TextFieldView.swift in Sources */ = {isa = PBXBuildFile; fileRef = 97AA949226F910F800D000BE /* TextFieldView.swift */; };
		97AA949526F9110F00D000BE /* TextFieldView.xib in Resources */ = {isa = PBXBuildFile; fileRef = 97AA949426F9110F00D000BE /* TextFieldView.xib */; };
		97AA949826F912A300D000BE /* SF-Pro-Display-Bold.otf in Resources */ = {isa = PBXBuildFile; fileRef = 97AA949726F912A300D000BE /* SF-Pro-Display-Bold.otf */; };
		97AA949A26F912AE00D000BE /* SF-Pro-Display-Regular.otf in Resources */ = {isa = PBXBuildFile; fileRef = 97AA949926F912AE00D000BE /* SF-Pro-Display-Regular.otf */; };
		BFC81DC9A09FD05C2B6166A1 /* Pods_textFields_.framework in Frameworks */ = {isa = PBXBuildFile; fileRef = 9CA416BDAD7C8624A62D9AF2 /* Pods_textFields_.framework */; };
/* End PBXBuildFile section */

/* Begin PBXFileReference section */
		96688C0FF955DE1D627D7E2A /* Pods-textFields!.release.xcconfig */ = {isa = PBXFileReference; includeInIndex = 1; lastKnownFileType = text.xcconfig; name = "Pods-textFields!.release.xcconfig"; path = "Target Support Files/Pods-textFields!/Pods-textFields!.release.xcconfig"; sourceTree = "<group>"; };
		974AC76426FB26DE0032B1CF /* TextFieldsSettings.swift */ = {isa = PBXFileReference; lastKnownFileType = sourcecode.swift; path = TextFieldsSettings.swift; sourceTree = "<group>"; };
		974AC76826FB273E0032B1CF /* TextFieldsViewController + UITextFieldDelegate.swift */ = {isa = PBXFileReference; lastKnownFileType = sourcecode.swift; path = "TextFieldsViewController + UITextFieldDelegate.swift"; sourceTree = "<group>"; };
		977905D226F689C7005815EA /* textFields!.app */ = {isa = PBXFileReference; explicitFileType = wrapper.application; includeInIndex = 0; path = "textFields!.app"; sourceTree = BUILT_PRODUCTS_DIR; };
		977905D526F689C7005815EA /* AppDelegate.swift */ = {isa = PBXFileReference; lastKnownFileType = sourcecode.swift; path = AppDelegate.swift; sourceTree = "<group>"; };
		977905D726F689C7005815EA /* SceneDelegate.swift */ = {isa = PBXFileReference; lastKnownFileType = sourcecode.swift; path = SceneDelegate.swift; sourceTree = "<group>"; };
		977905D926F689C7005815EA /* TextFieldsViewController.swift */ = {isa = PBXFileReference; lastKnownFileType = sourcecode.swift; path = TextFieldsViewController.swift; sourceTree = "<group>"; };
		977905DC26F689C7005815EA /* Base */ = {isa = PBXFileReference; lastKnownFileType = file.storyboard; name = Base; path = Base.lproj/Main.storyboard; sourceTree = "<group>"; };
		977905DE26F689C8005815EA /* Assets.xcassets */ = {isa = PBXFileReference; lastKnownFileType = folder.assetcatalog; path = Assets.xcassets; sourceTree = "<group>"; };
		977905E126F689C8005815EA /* Base */ = {isa = PBXFileReference; lastKnownFileType = file.storyboard; name = Base; path = Base.lproj/LaunchScreen.storyboard; sourceTree = "<group>"; };
		977905E326F689C8005815EA /* Info.plist */ = {isa = PBXFileReference; lastKnownFileType = text.plist.xml; path = Info.plist; sourceTree = "<group>"; };
		9788D54A26FE850800C610EE /* CustomTextField.swift */ = {isa = PBXFileReference; lastKnownFileType = sourcecode.swift; path = CustomTextField.swift; sourceTree = "<group>"; };
		9788D54C26FE859400C610EE /* TextFieldModel.swift */ = {isa = PBXFileReference; lastKnownFileType = sourcecode.swift; path = TextFieldModel.swift; sourceTree = "<group>"; };
		97AA949226F910F800D000BE /* TextFieldView.swift */ = {isa = PBXFileReference; lastKnownFileType = sourcecode.swift; path = TextFieldView.swift; sourceTree = "<group>"; };
		97AA949426F9110F00D000BE /* TextFieldView.xib */ = {isa = PBXFileReference; lastKnownFileType = file.xib; path = TextFieldView.xib; sourceTree = "<group>"; };
		97AA949726F912A300D000BE /* SF-Pro-Display-Bold.otf */ = {isa = PBXFileReference; lastKnownFileType = file; path = "SF-Pro-Display-Bold.otf"; sourceTree = "<group>"; };
		97AA949926F912AE00D000BE /* SF-Pro-Display-Regular.otf */ = {isa = PBXFileReference; lastKnownFileType = file; path = "SF-Pro-Display-Regular.otf"; sourceTree = "<group>"; };
		9CA416BDAD7C8624A62D9AF2 /* Pods_textFields_.framework */ = {isa = PBXFileReference; explicitFileType = wrapper.framework; includeInIndex = 0; path = Pods_textFields_.framework; sourceTree = BUILT_PRODUCTS_DIR; };
		E4D0741A9724D0BFDE6E333D /* Pods-textFields!.debug.xcconfig */ = {isa = PBXFileReference; includeInIndex = 1; lastKnownFileType = text.xcconfig; name = "Pods-textFields!.debug.xcconfig"; path = "Target Support Files/Pods-textFields!/Pods-textFields!.debug.xcconfig"; sourceTree = "<group>"; };
/* End PBXFileReference section */

/* Begin PBXFrameworksBuildPhase section */
		977905CF26F689C7005815EA /* Frameworks */ = {
			isa = PBXFrameworksBuildPhase;
			buildActionMask = 2147483647;
			files = (
				BFC81DC9A09FD05C2B6166A1 /* Pods_textFields_.framework in Frameworks */,
			);
			runOnlyForDeploymentPostprocessing = 0;
		};
/* End PBXFrameworksBuildPhase section */

/* Begin PBXGroup section */
		07A15858A892CB582A5CBF98 /* Frameworks */ = {
			isa = PBXGroup;
			children = (
				9CA416BDAD7C8624A62D9AF2 /* Pods_textFields_.framework */,
			);
			name = Frameworks;
			sourceTree = "<group>";
		};
		873B0800FDA8C8BC1129CE69 /* Pods */ = {
			isa = PBXGroup;
			children = (
				E4D0741A9724D0BFDE6E333D /* Pods-textFields!.debug.xcconfig */,
				96688C0FF955DE1D627D7E2A /* Pods-textFields!.release.xcconfig */,
			);
			path = Pods;
			sourceTree = "<group>";
		};
		974AC76626FB27100032B1CF /* Models */ = {
			isa = PBXGroup;
			children = (
				974AC76426FB26DE0032B1CF /* TextFieldsSettings.swift */,
				9788D54C26FE859400C610EE /* TextFieldModel.swift */,
			);
			path = Models;
			sourceTree = "<group>";
		};
		974AC76726FB27180032B1CF /* Extensions */ = {
			isa = PBXGroup;
			children = (
				974AC76826FB273E0032B1CF /* TextFieldsViewController + UITextFieldDelegate.swift */,
			);
			path = Extensions;
			sourceTree = "<group>";
		};
		977905C926F689C7005815EA = {
			isa = PBXGroup;
			children = (
				977905D426F689C7005815EA /* textFields! */,
				977905D326F689C7005815EA /* Products */,
				873B0800FDA8C8BC1129CE69 /* Pods */,
				07A15858A892CB582A5CBF98 /* Frameworks */,
			);
			sourceTree = "<group>";
		};
		977905D326F689C7005815EA /* Products */ = {
			isa = PBXGroup;
			children = (
				977905D226F689C7005815EA /* textFields!.app */,
			);
			name = Products;
			sourceTree = "<group>";
		};
		977905D426F689C7005815EA /* textFields! */ = {
			isa = PBXGroup;
			children = (
				977905D526F689C7005815EA /* AppDelegate.swift */,
				977905D726F689C7005815EA /* SceneDelegate.swift */,
				974AC76726FB27180032B1CF /* Extensions */,
				974AC76626FB27100032B1CF /* Models */,
				97AA949026F910C600D000BE /* Controllers */,
				97AA949126F910D300D000BE /* Views */,
				97AA949626F9128E00D000BE /* Fonts */,
				977905DE26F689C8005815EA /* Assets.xcassets */,
				977905E026F689C8005815EA /* LaunchScreen.storyboard */,
				977905E326F689C8005815EA /* Info.plist */,
			);
			path = "textFields!";
			sourceTree = "<group>";
		};
		9788D54926FE847B00C610EE /* TextFieldView */ = {
			isa = PBXGroup;
			children = (
				97AA949226F910F800D000BE /* TextFieldView.swift */,
				97AA949426F9110F00D000BE /* TextFieldView.xib */,
			);
			path = TextFieldView;
			sourceTree = "<group>";
		};
		97AA949026F910C600D000BE /* Controllers */ = {
			isa = PBXGroup;
			children = (
				977905D926F689C7005815EA /* TextFieldsViewController.swift */,
			);
			path = Controllers;
			sourceTree = "<group>";
		};
		97AA949126F910D300D000BE /* Views */ = {
			isa = PBXGroup;
			children = (
				977905DB26F689C7005815EA /* Main.storyboard */,
				9788D54A26FE850800C610EE /* CustomTextField.swift */,
				9788D54926FE847B00C610EE /* TextFieldView */,
			);
			path = Views;
			sourceTree = "<group>";
		};
		97AA949626F9128E00D000BE /* Fonts */ = {
			isa = PBXGroup;
			children = (
				97AA949926F912AE00D000BE /* SF-Pro-Display-Regular.otf */,
				97AA949726F912A300D000BE /* SF-Pro-Display-Bold.otf */,
			);
			path = Fonts;
			sourceTree = "<group>";
		};
/* End PBXGroup section */

/* Begin PBXNativeTarget section */
		977905D126F689C7005815EA /* textFields! */ = {
			isa = PBXNativeTarget;
			buildConfigurationList = 977905E626F689C8005815EA /* Build configuration list for PBXNativeTarget "textFields!" */;
			buildPhases = (
				183D491D438D429760D449F4 /* [CP] Check Pods Manifest.lock */,
				977905E926F68A94005815EA /* ShellScript */,
				977905CE26F689C7005815EA /* Sources */,
				977905CF26F689C7005815EA /* Frameworks */,
				977905D026F689C7005815EA /* Resources */,
				D113CDB9D9FBE0BF352CEA6B /* [CP] Embed Pods Frameworks */,
			);
			buildRules = (
			);
			dependencies = (
			);
			name = "textFields!";
			productName = "textFields!";
			productReference = 977905D226F689C7005815EA /* textFields!.app */;
			productType = "com.apple.product-type.application";
		};
/* End PBXNativeTarget section */

/* Begin PBXProject section */
		977905CA26F689C7005815EA /* Project object */ = {
			isa = PBXProject;
			attributes = {
				LastSwiftUpdateCheck = 1250;
				LastUpgradeCheck = 1250;
				TargetAttributes = {
					977905D126F689C7005815EA = {
						CreatedOnToolsVersion = 12.5.1;
					};
				};
			};
			buildConfigurationList = 977905CD26F689C7005815EA /* Build configuration list for PBXProject "textFields!" */;
			compatibilityVersion = "Xcode 9.3";
			developmentRegion = en;
			hasScannedForEncodings = 0;
			knownRegions = (
				en,
				Base,
			);
			mainGroup = 977905C926F689C7005815EA;
			productRefGroup = 977905D326F689C7005815EA /* Products */;
			projectDirPath = "";
			projectRoot = "";
			targets = (
				977905D126F689C7005815EA /* textFields! */,
			);
		};
/* End PBXProject section */

/* Begin PBXResourcesBuildPhase section */
		977905D026F689C7005815EA /* Resources */ = {
			isa = PBXResourcesBuildPhase;
			buildActionMask = 2147483647;
			files = (
				977905E226F689C8005815EA /* LaunchScreen.storyboard in Resources */,
				97AA949826F912A300D000BE /* SF-Pro-Display-Bold.otf in Resources */,
				977905DF26F689C8005815EA /* Assets.xcassets in Resources */,
				97AA949526F9110F00D000BE /* TextFieldView.xib in Resources */,
				97AA949A26F912AE00D000BE /* SF-Pro-Display-Regular.otf in Resources */,
				977905DD26F689C7005815EA /* Main.storyboard in Resources */,
			);
			runOnlyForDeploymentPostprocessing = 0;
		};
/* End PBXResourcesBuildPhase section */

/* Begin PBXShellScriptBuildPhase section */
		183D491D438D429760D449F4 /* [CP] Check Pods Manifest.lock */ = {
			isa = PBXShellScriptBuildPhase;
			buildActionMask = 2147483647;
			files = (
			);
			inputFileListPaths = (
			);
			inputPaths = (
				"${PODS_PODFILE_DIR_PATH}/Podfile.lock",
				"${PODS_ROOT}/Manifest.lock",
			);
			name = "[CP] Check Pods Manifest.lock";
			outputFileListPaths = (
			);
			outputPaths = (
				"$(DERIVED_FILE_DIR)/Pods-textFields!-checkManifestLockResult.txt",
			);
			runOnlyForDeploymentPostprocessing = 0;
			shellPath = /bin/sh;
			shellScript = "diff \"${PODS_PODFILE_DIR_PATH}/Podfile.lock\" \"${PODS_ROOT}/Manifest.lock\" > /dev/null\nif [ $? != 0 ] ; then\n    # print error to STDERR\n    echo \"error: The sandbox is not in sync with the Podfile.lock. Run 'pod install' or update your CocoaPods installation.\" >&2\n    exit 1\nfi\n# This output is used by Xcode 'outputs' to avoid re-running this script phase.\necho \"SUCCESS\" > \"${SCRIPT_OUTPUT_FILE_0}\"\n";
			showEnvVarsInLog = 0;
		};
		977905E926F68A94005815EA /* ShellScript */ = {
			isa = PBXShellScriptBuildPhase;
			buildActionMask = 2147483647;
			files = (
			);
			inputFileListPaths = (
			);
			inputPaths = (
			);
			outputFileListPaths = (
			);
			outputPaths = (
			);
			runOnlyForDeploymentPostprocessing = 0;
			shellPath = /bin/sh;
			shellScript = "if which swiftlint >/dev/null; then\n  swiftlint\nelse\n  echo \"warning: SwiftLint not installed, download from https://github.com/realm/SwiftLint\"\nfi\n";
		};
		D113CDB9D9FBE0BF352CEA6B /* [CP] Embed Pods Frameworks */ = {
			isa = PBXShellScriptBuildPhase;
			buildActionMask = 2147483647;
			files = (
			);
			inputFileListPaths = (
				"${PODS_ROOT}/Target Support Files/Pods-textFields!/Pods-textFields!-frameworks-${CONFIGURATION}-input-files.xcfilelist",
			);
			name = "[CP] Embed Pods Frameworks";
			outputFileListPaths = (
				"${PODS_ROOT}/Target Support Files/Pods-textFields!/Pods-textFields!-frameworks-${CONFIGURATION}-output-files.xcfilelist",
			);
			runOnlyForDeploymentPostprocessing = 0;
			shellPath = /bin/sh;
			shellScript = "\"${PODS_ROOT}/Target Support Files/Pods-textFields!/Pods-textFields!-frameworks.sh\"\n";
			showEnvVarsInLog = 0;
		};
/* End PBXShellScriptBuildPhase section */

/* Begin PBXSourcesBuildPhase section */
		977905CE26F689C7005815EA /* Sources */ = {
			isa = PBXSourcesBuildPhase;
			buildActionMask = 2147483647;
			files = (
				9788D54B26FE850800C610EE /* CustomTextField.swift in Sources */,
				9788D54D26FE859400C610EE /* TextFieldModel.swift in Sources */,
				977905DA26F689C7005815EA /* TextFieldsViewController.swift in Sources */,
				977905D626F689C7005815EA /* AppDelegate.swift in Sources */,
				97AA949326F910F800D000BE /* TextFieldView.swift in Sources */,
				974AC76926FB273E0032B1CF /* TextFieldsViewController + UITextFieldDelegate.swift in Sources */,
				974AC76526FB26DE0032B1CF /* TextFieldsSettings.swift in Sources */,
				977905D826F689C7005815EA /* SceneDelegate.swift in Sources */,
			);
			runOnlyForDeploymentPostprocessing = 0;
		};
/* End PBXSourcesBuildPhase section */

/* Begin PBXVariantGroup section */
		977905DB26F689C7005815EA /* Main.storyboard */ = {
			isa = PBXVariantGroup;
			children = (
				977905DC26F689C7005815EA /* Base */,
			);
			name = Main.storyboard;
			sourceTree = "<group>";
		};
		977905E026F689C8005815EA /* LaunchScreen.storyboard */ = {
			isa = PBXVariantGroup;
			children = (
				977905E126F689C8005815EA /* Base */,
			);
			name = LaunchScreen.storyboard;
			sourceTree = "<group>";
		};
/* End PBXVariantGroup section */

/* Begin XCBuildConfiguration section */
		977905E426F689C8005815EA /* Debug */ = {
			isa = XCBuildConfiguration;
			buildSettings = {
				ALWAYS_SEARCH_USER_PATHS = NO;
				CLANG_ANALYZER_NONNULL = YES;
				CLANG_ANALYZER_NUMBER_OBJECT_CONVERSION = YES_AGGRESSIVE;
				CLANG_CXX_LANGUAGE_STANDARD = "gnu++14";
				CLANG_CXX_LIBRARY = "libc++";
				CLANG_ENABLE_MODULES = YES;
				CLANG_ENABLE_OBJC_ARC = YES;
				CLANG_ENABLE_OBJC_WEAK = YES;
				CLANG_WARN_BLOCK_CAPTURE_AUTORELEASING = YES;
				CLANG_WARN_BOOL_CONVERSION = YES;
				CLANG_WARN_COMMA = YES;
				CLANG_WARN_CONSTANT_CONVERSION = YES;
				CLANG_WARN_DEPRECATED_OBJC_IMPLEMENTATIONS = YES;
				CLANG_WARN_DIRECT_OBJC_ISA_USAGE = YES_ERROR;
				CLANG_WARN_DOCUMENTATION_COMMENTS = YES;
				CLANG_WARN_EMPTY_BODY = YES;
				CLANG_WARN_ENUM_CONVERSION = YES;
				CLANG_WARN_INFINITE_RECURSION = YES;
				CLANG_WARN_INT_CONVERSION = YES;
				CLANG_WARN_NON_LITERAL_NULL_CONVERSION = YES;
				CLANG_WARN_OBJC_IMPLICIT_RETAIN_SELF = YES;
				CLANG_WARN_OBJC_LITERAL_CONVERSION = YES;
				CLANG_WARN_OBJC_ROOT_CLASS = YES_ERROR;
				CLANG_WARN_QUOTED_INCLUDE_IN_FRAMEWORK_HEADER = YES;
				CLANG_WARN_RANGE_LOOP_ANALYSIS = YES;
				CLANG_WARN_STRICT_PROTOTYPES = YES;
				CLANG_WARN_SUSPICIOUS_MOVE = YES;
				CLANG_WARN_UNGUARDED_AVAILABILITY = YES_AGGRESSIVE;
				CLANG_WARN_UNREACHABLE_CODE = YES;
				CLANG_WARN__DUPLICATE_METHOD_MATCH = YES;
				COPY_PHASE_STRIP = NO;
				DEBUG_INFORMATION_FORMAT = dwarf;
				ENABLE_STRICT_OBJC_MSGSEND = YES;
				ENABLE_TESTABILITY = YES;
				GCC_C_LANGUAGE_STANDARD = gnu11;
				GCC_DYNAMIC_NO_PIC = NO;
				GCC_NO_COMMON_BLOCKS = YES;
				GCC_OPTIMIZATION_LEVEL = 0;
				GCC_PREPROCESSOR_DEFINITIONS = (
					"DEBUG=1",
					"$(inherited)",
				);
				GCC_WARN_64_TO_32_BIT_CONVERSION = YES;
				GCC_WARN_ABOUT_RETURN_TYPE = YES_ERROR;
				GCC_WARN_UNDECLARED_SELECTOR = YES;
				GCC_WARN_UNINITIALIZED_AUTOS = YES_AGGRESSIVE;
				GCC_WARN_UNUSED_FUNCTION = YES;
				GCC_WARN_UNUSED_VARIABLE = YES;
				IPHONEOS_DEPLOYMENT_TARGET = 14.5;
				MTL_ENABLE_DEBUG_INFO = INCLUDE_SOURCE;
				MTL_FAST_MATH = YES;
				ONLY_ACTIVE_ARCH = YES;
				SDKROOT = iphoneos;
				SWIFT_ACTIVE_COMPILATION_CONDITIONS = DEBUG;
				SWIFT_OPTIMIZATION_LEVEL = "-Onone";
			};
			name = Debug;
		};
		977905E526F689C8005815EA /* Release */ = {
			isa = XCBuildConfiguration;
			buildSettings = {
				ALWAYS_SEARCH_USER_PATHS = NO;
				CLANG_ANALYZER_NONNULL = YES;
				CLANG_ANALYZER_NUMBER_OBJECT_CONVERSION = YES_AGGRESSIVE;
				CLANG_CXX_LANGUAGE_STANDARD = "gnu++14";
				CLANG_CXX_LIBRARY = "libc++";
				CLANG_ENABLE_MODULES = YES;
				CLANG_ENABLE_OBJC_ARC = YES;
				CLANG_ENABLE_OBJC_WEAK = YES;
				CLANG_WARN_BLOCK_CAPTURE_AUTORELEASING = YES;
				CLANG_WARN_BOOL_CONVERSION = YES;
				CLANG_WARN_COMMA = YES;
				CLANG_WARN_CONSTANT_CONVERSION = YES;
				CLANG_WARN_DEPRECATED_OBJC_IMPLEMENTATIONS = YES;
				CLANG_WARN_DIRECT_OBJC_ISA_USAGE = YES_ERROR;
				CLANG_WARN_DOCUMENTATION_COMMENTS = YES;
				CLANG_WARN_EMPTY_BODY = YES;
				CLANG_WARN_ENUM_CONVERSION = YES;
				CLANG_WARN_INFINITE_RECURSION = YES;
				CLANG_WARN_INT_CONVERSION = YES;
				CLANG_WARN_NON_LITERAL_NULL_CONVERSION = YES;
				CLANG_WARN_OBJC_IMPLICIT_RETAIN_SELF = YES;
				CLANG_WARN_OBJC_LITERAL_CONVERSION = YES;
				CLANG_WARN_OBJC_ROOT_CLASS = YES_ERROR;
				CLANG_WARN_QUOTED_INCLUDE_IN_FRAMEWORK_HEADER = YES;
				CLANG_WARN_RANGE_LOOP_ANALYSIS = YES;
				CLANG_WARN_STRICT_PROTOTYPES = YES;
				CLANG_WARN_SUSPICIOUS_MOVE = YES;
				CLANG_WARN_UNGUARDED_AVAILABILITY = YES_AGGRESSIVE;
				CLANG_WARN_UNREACHABLE_CODE = YES;
				CLANG_WARN__DUPLICATE_METHOD_MATCH = YES;
				COPY_PHASE_STRIP = NO;
				DEBUG_INFORMATION_FORMAT = "dwarf-with-dsym";
				ENABLE_NS_ASSERTIONS = NO;
				ENABLE_STRICT_OBJC_MSGSEND = YES;
				GCC_C_LANGUAGE_STANDARD = gnu11;
				GCC_NO_COMMON_BLOCKS = YES;
				GCC_WARN_64_TO_32_BIT_CONVERSION = YES;
				GCC_WARN_ABOUT_RETURN_TYPE = YES_ERROR;
				GCC_WARN_UNDECLARED_SELECTOR = YES;
				GCC_WARN_UNINITIALIZED_AUTOS = YES_AGGRESSIVE;
				GCC_WARN_UNUSED_FUNCTION = YES;
				GCC_WARN_UNUSED_VARIABLE = YES;
				IPHONEOS_DEPLOYMENT_TARGET = 14.5;
				MTL_ENABLE_DEBUG_INFO = NO;
				MTL_FAST_MATH = YES;
				SDKROOT = iphoneos;
				SWIFT_COMPILATION_MODE = wholemodule;
				SWIFT_OPTIMIZATION_LEVEL = "-O";
				VALIDATE_PRODUCT = YES;
			};
			name = Release;
		};
		977905E726F689C8005815EA /* Debug */ = {
			isa = XCBuildConfiguration;
			baseConfigurationReference = E4D0741A9724D0BFDE6E333D /* Pods-textFields!.debug.xcconfig */;
			buildSettings = {
				ASSETCATALOG_COMPILER_APPICON_NAME = AppIcon;
				ASSETCATALOG_COMPILER_GLOBAL_ACCENT_COLOR_NAME = AccentColor;
				CODE_SIGN_STYLE = Automatic;
				DEVELOPMENT_TEAM = 334HNT23HZ;
				INFOPLIST_FILE = "textFields!/Info.plist";
				LD_RUNPATH_SEARCH_PATHS = (
					"$(inherited)",
					"@executable_path/Frameworks",
				);
				PRODUCT_BUNDLE_IDENTIFIER = "com.jevgenijsjefrosinins.textFields-";
				PRODUCT_NAME = "$(TARGET_NAME)";
				SWIFT_VERSION = 5.0;
				TARGETED_DEVICE_FAMILY = "1,2";
			};
			name = Debug;
		};
		977905E826F689C8005815EA /* Release */ = {
			isa = XCBuildConfiguration;
			baseConfigurationReference = 96688C0FF955DE1D627D7E2A /* Pods-textFields!.release.xcconfig */;
			buildSettings = {
				ASSETCATALOG_COMPILER_APPICON_NAME = AppIcon;
				ASSETCATALOG_COMPILER_GLOBAL_ACCENT_COLOR_NAME = AccentColor;
				CODE_SIGN_STYLE = Automatic;
				DEVELOPMENT_TEAM = 334HNT23HZ;
				INFOPLIST_FILE = "textFields!/Info.plist";
				LD_RUNPATH_SEARCH_PATHS = (
					"$(inherited)",
					"@executable_path/Frameworks",
				);
				PRODUCT_BUNDLE_IDENTIFIER = "com.jevgenijsjefrosinins.textFields-";
				PRODUCT_NAME = "$(TARGET_NAME)";
				SWIFT_VERSION = 5.0;
				TARGETED_DEVICE_FAMILY = "1,2";
			};
			name = Release;
		};
/* End XCBuildConfiguration section */

/* Begin XCConfigurationList section */
		977905CD26F689C7005815EA /* Build configuration list for PBXProject "textFields!" */ = {
			isa = XCConfigurationList;
			buildConfigurations = (
				977905E426F689C8005815EA /* Debug */,
				977905E526F689C8005815EA /* Release */,
			);
			defaultConfigurationIsVisible = 0;
			defaultConfigurationName = Release;
		};
		977905E626F689C8005815EA /* Build configuration list for PBXNativeTarget "textFields!" */ = {
			isa = XCConfigurationList;
			buildConfigurations = (
				977905E726F689C8005815EA /* Debug */,
				977905E826F689C8005815EA /* Release */,
			);
			defaultConfigurationIsVisible = 0;
			defaultConfigurationName = Release;
		};
/* End XCConfigurationList section */
	};
	rootObject = 977905CA26F689C7005815EA /* Project object */;
}
